
Microsoft Visual Studio Solution File, Format Version 11.00
# Visual Studio 2010
Project("{FAE04EC0-301F-11D3-BF4B-00C04F79EFBC}") = "UnityEngine.UI", "UnityEngine.UI.csproj", "{15bd1df8-de8c-c156-4eb4-c34c0e0710b0}"
EndProject
Project("{FAE04EC0-301F-11D3-BF4B-00C04F79EFBC}") = "UnityEngine.TestRunner", "UnityEngine.TestRunner.csproj", "{f19abf0b-7ee3-42de-54d7-d35395284ea4}"
EndProject
Project("{FAE04EC0-301F-11D3-BF4B-00C04F79EFBC}") = "Unity.VisualScripting.Flow", "Unity.VisualScripting.Flow.csproj", "{b5b7608c-0b62-bd40-ac08-cb7118d7985b}"
EndProject
Project("{FAE04EC0-301F-11D3-BF4B-00C04F79EFBC}") = "UniTask", "UniTask.csproj", "{e88c7b1c-334d-88fa-be45-78c6f6596f5d}"
EndProject
Project("{FAE04EC0-301F-11D3-BF4B-00C04F79EFBC}") = "UnityGameFramework.Runtime", "UnityGameFramework.Runtime.csproj", "{4f1a6dce-2999-0aad-a8ac-d25b435a1196}"
EndProject
Project("{FAE04EC0-301F-11D3-BF4B-00C04F79EFBC}") = "Unity.Services.Core.Telemetry", "Unity.Services.Core.Telemetry.csproj", "{4ee8613c-471e-b849-a256-6c0ae22a885d}"
EndProject
Project("{FAE04EC0-301F-11D3-BF4B-00C04F79EFBC}") = "Unity.VisualScripting.State", "Unity.VisualScripting.State.csproj", "{dde0cf7b-3493-a5b2-0305-759b3ed34dd8}"
EndProject
Project("{FAE04EC0-301F-11D3-BF4B-00C04F79EFBC}") = "Unity.VisualScripting.Core", "Unity.VisualScripting.Core.csproj", "{5a68d186-1223-1fee-479e-1bef28008810}"
EndProject
Project("{FAE04EC0-301F-11D3-BF4B-00C04F79EFBC}") = "UniTask.Linq", "UniTask.Linq.csproj", "{069f0a11-665e-2248-c6a8-1761022bfcd6}"
EndProject
Project("{FAE04EC0-301F-11D3-BF4B-00C04F79EFBC}") = "Unity.Services.Core.Environments.Internal", "Unity.Services.Core.Environments.Internal.csproj", "{0c341bb5-e79a-a6e4-2939-f68e17ef46be}"
EndProject
Project("{FAE04EC0-301F-11D3-BF4B-00C04F79EFBC}") = "Unity.TextMeshPro", "Unity.TextMeshPro.csproj", "{a9bcf4d9-5bb9-9086-25cb-fe983b895dfc}"
EndProject
Project("{FAE04EC0-301F-11D3-BF4B-00C04F79EFBC}") = "Assembly-CSharp", "Assembly-CSharp.csproj", "{b26b566b-9df4-3a4b-9561-3237e9e3e673}"
EndProject
Project("{FAE04EC0-301F-11D3-BF4B-00C04F79EFBC}") = "Unity.Timeline", "Unity.Timeline.csproj", "{278e3026-ffa2-5777-9385-7641ff6ec4c3}"
EndProject
Project("{FAE04EC0-301F-11D3-BF4B-00C04F79EFBC}") = "Unity.Services.Core.Environments", "Unity.Services.Core.Environments.csproj", "{3103bfcf-44eb-da17-6000-033d15d3d185}"
EndProject
Project("{FAE04EC0-301F-11D3-BF4B-00C04F79EFBC}") = "Unity.Services.Core.Internal", "Unity.Services.Core.Internal.csproj", "{365da59e-9745-ec1f-1628-45f0a3d4e271}"
EndProject
Project("{FAE04EC0-301F-11D3-BF4B-00C04F79EFBC}") = "Unity.Services.Core.Analytics", "Unity.Services.Core.Analytics.csproj", "{2ddd5d7a-166d-3b30-e66e-1f2220ca3c68}"
EndProject
Project("{FAE04EC0-301F-11D3-BF4B-00C04F79EFBC}") = "UniTask.DOTween", "UniTask.DOTween.csproj", "{429c65c3-7665-27f1-e14f-9eef243a7b13}"
EndProject
Project("{FAE04EC0-301F-11D3-BF4B-00C04F79EFBC}") = "Unity.Services.Core.Scheduler", "Unity.Services.Core.Scheduler.csproj", "{04edeb36-e43f-f170-a239-d0db2e9501b6}"
EndProject
Project("{FAE04EC0-301F-11D3-BF4B-00C04F79EFBC}") = "Unity.Services.Core.Registration", "Unity.Services.Core.Registration.csproj", "{0f3d490a-f8e1-abe8-357d-3cebeb7b2c69}"
EndProject
Project("{FAE04EC0-301F-11D3-BF4B-00C04F79EFBC}") = "Unity.Services.Core.Device", "Unity.Services.Core.Device.csproj", "{1edce279-270a-6a42-89d2-3f88f29d26a0}"
EndProject
Project("{FAE04EC0-301F-11D3-BF4B-00C04F79EFBC}") = "Unity.Services.Core.Threading", "Unity.Services.Core.Threading.csproj", "{200b25da-e271-e966-c027-d964b9607bd7}"
EndProject
Project("{FAE04EC0-301F-11D3-BF4B-00C04F79EFBC}") = "Unity.Services.Core.Networking", "Unity.Services.Core.Networking.csproj", "{a28a173c-da67-f4a9-c21d-59dea8b18ddd}"
EndProject
Project("{FAE04EC0-301F-11D3-BF4B-00C04F79EFBC}") = "Unity.Services.Core", "Unity.Services.Core.csproj", "{3f3e26d6-2abc-8ce2-7549-aa3160a18c72}"
EndProject
Project("{FAE04EC0-301F-11D3-BF4B-00C04F79EFBC}") = "UniTask.TextMeshPro", "UniTask.TextMeshPro.csproj", "{13965a4a-013d-fc82-64f1-60c5d4f72ca0}"
EndProject
Project("{FAE04EC0-301F-11D3-BF4B-00C04F79EFBC}") = "Unity.Services.Core.Configuration", "Unity.Services.Core.Configuration.csproj", "{dcb6f08b-307c-a2e9-4dc8-d4752bcb3dca}"
EndProject
Project("{FAE04EC0-301F-11D3-BF4B-00C04F79EFBC}") = "UniTask.Addressables", "UniTask.Addressables.csproj", "{8f844644-e863-c67b-dd3a-067976858980}"
EndProject
Project("{FAE04EC0-301F-11D3-BF4B-00C04F79EFBC}") = "Unity.PlasticSCM.Editor", "Unity.PlasticSCM.Editor.csproj", "{b67d77be-25fc-9446-c653-915ef3754f97}"
EndProject
Project("{FAE04EC0-301F-11D3-BF4B-00C04F79EFBC}") = "Unity.VisualScripting.Core.Editor", "Unity.VisualScripting.Core.Editor.csproj", "{e6509981-8c1f-2faa-a66b-1920fda8f204}"
EndProject
Project("{FAE04EC0-301F-11D3-BF4B-00C04F79EFBC}") = "Unity.VisualScripting.Flow.Editor", "Unity.VisualScripting.Flow.Editor.csproj", "{5b4d4b56-812f-ac70-1bf9-ba33427d1c2e}"
EndProject
Project("{FAE04EC0-301F-11D3-BF4B-00C04F79EFBC}") = "Unity.VisualStudio.Editor", "Unity.VisualStudio.Editor.csproj", "{f163e772-2184-045f-a399-a3dbdbb16d73}"
EndProject
Project("{FAE04EC0-301F-11D3-BF4B-00C04F79EFBC}") = "Unity.Timeline.Editor", "Unity.Timeline.Editor.csproj", "{e321353b-1ef5-8a3f-acda-f653a1a6c08f}"
EndProject
Project("{FAE04EC0-301F-11D3-BF4B-00C04F79EFBC}") = "Unity.VisualScripting.State.Editor", "Unity.VisualScripting.State.Editor.csproj", "{dad71180-6e62-7a45-3613-cc520a4d1ee0}"
EndProject
Project("{FAE04EC0-301F-11D3-BF4B-00C04F79EFBC}") = "Unity.TextMeshPro.Editor", "Unity.TextMeshPro.Editor.csproj", "{864771e1-a86c-6663-e331-a510a87ec485}"
EndProject
Project("{FAE04EC0-301F-11D3-BF4B-00C04F79EFBC}") = "Unity.CollabProxy.Editor", "Unity.CollabProxy.Editor.csproj", "{afd64de2-3045-dbf0-7c25-398b8f51e604}"
EndProject
Project("{FAE04EC0-301F-11D3-BF4B-00C04F79EFBC}") = "Unity.VisualScripting.SettingsProvider.Editor", "Unity.VisualScripting.SettingsProvider.Editor.csproj", "{00f6ce8d-b449-9f65-2819-99e0d4f86374}"
EndProject
Project("{FAE04EC0-301F-11D3-BF4B-00C04F79EFBC}") = "UnityEditor.TestRunner", "UnityEditor.TestRunner.csproj", "{a47891ca-9400-a817-45bf-4ff5e5476331}"
EndProject
Project("{FAE04EC0-301F-11D3-BF4B-00C04F79EFBC}") = "UnityGameFramework.Editor", "UnityGameFramework.Editor.csproj", "{f2039655-1cb5-de71-54e3-e3fe15fe685a}"
EndProject
Project("{FAE04EC0-301F-11D3-BF4B-00C04F79EFBC}") = "Unity.Services.Core.Editor", "Unity.Services.Core.Editor.csproj", "{b56a2d34-5c35-f4ef-ce84-4a18597cb5e4}"
EndProject
Project("{FAE04EC0-301F-11D3-BF4B-00C04F79EFBC}") = "Unity.TestTools.CodeCoverage.Editor", "Unity.TestTools.CodeCoverage.Editor.csproj", "{9db390d9-f851-446c-9a3d-87e6647fdebb}"
EndProject
Project("{FAE04EC0-301F-11D3-BF4B-00C04F79EFBC}") = "Assembly-CSharp-Editor", "Assembly-CSharp-Editor.csproj", "{548b6a66-3822-88e0-c2f4-86dd69bee87c}"
EndProject
Project("{FAE04EC0-301F-11D3-BF4B-00C04F79EFBC}") = "Unity.Rider.Editor", "Unity.Rider.Editor.csproj", "{18afbe75-d7fb-06e6-4f3f-25f0a622ebbd}"
EndProject
Project("{FAE04EC0-301F-11D3-BF4B-00C04F79EFBC}") = "Unity.Performance.Profile-Analyzer.Editor", "Unity.Performance.Profile-Analyzer.Editor.csproj", "{13fc2008-8665-c5f9-6ef4-b7b9bba37b1e}"
EndProject
Project("{FAE04EC0-301F-11D3-BF4B-00C04F79EFBC}") = "Unity.VSCode.Editor", "Unity.VSCode.Editor.csproj", "{72face7e-4ec8-dcc8-16fa-1dfdc36fd113}"
EndProject
Project("{FAE04EC0-301F-11D3-BF4B-00C04F79EFBC}") = "Unity.2D.Sprite.Editor", "Unity.2D.Sprite.Editor.csproj", "{cd43affe-dde5-314e-6222-793cc936720f}"
EndProject
Project("{FAE04EC0-301F-11D3-BF4B-00C04F79EFBC}") = "UnityEditor.UI", "UnityEditor.UI.csproj", "{09256af0-80d9-c1aa-6546-0215244a1177}"
EndProject
Project("{FAE04EC0-301F-11D3-BF4B-00C04F79EFBC}") = "Unity.TestTools.CodeCoverage.Editor.OpenCover.Model", "Unity.TestTools.CodeCoverage.Editor.OpenCover.Model.csproj", "{12ce03c1-60fc-fd21-93d0-ee3a6c31735e}"
EndProject
Project("{FAE04EC0-301F-11D3-BF4B-00C04F79EFBC}") = "Unity.EditorCoroutines.Editor", "Unity.EditorCoroutines.Editor.csproj", "{6fc07ae1-61ea-ec30-de59-46f626334de1}"
EndProject
Project("{FAE04EC0-301F-11D3-BF4B-00C04F79EFBC}") = "Unity.Settings.Editor", "Unity.Settings.Editor.csproj", "{a8ecf173-fd59-3fa1-a76e-47c2799873c6}"
EndProject
Project("{FAE04EC0-301F-11D3-BF4B-00C04F79EFBC}") = "UniTask.Editor", "UniTask.Editor.csproj", "{1f0ed911-585c-b3f1-4462-f7233667449d}"
EndProject
Project("{FAE04EC0-301F-11D3-BF4B-00C04F79EFBC}") = "Unity.Services.Core.Configuration.Editor", "Unity.Services.Core.Configuration.Editor.csproj", "{ae5c44c2-dfd4-3503-df29-c7883fed25dd}"
EndProject
Project("{FAE04EC0-301F-11D3-BF4B-00C04F79EFBC}") = "Unity.TestTools.CodeCoverage.Editor.OpenCover.Mono.Reflection", "Unity.TestTools.CodeCoverage.Editor.OpenCover.Mono.Reflection.csproj", "{1b59292e-78cc-7883-7514-7d39305f7a77}"
EndProject
Project("{FAE04EC0-301F-11D3-BF4B-00C04F79EFBC}") = "Unity.VisualScripting.Shared.Editor", "Unity.VisualScripting.Shared.Editor.csproj", "{6ea89535-c933-3bed-a11e-ab61384bfb7b}"
EndProject
Project("{FAE04EC0-301F-11D3-BF4B-00C04F79EFBC}") = "UnityEngine.UI.Tests", "UnityEngine.UI.Tests.csproj", "{5c4de3ed-7173-a1e9-1840-cb73022cdf14}"
EndProject
Project("{FAE04EC0-301F-11D3-BF4B-00C04F79EFBC}") = "UnityEditor.UI.EditorTests", "UnityEditor.UI.EditorTests.csproj", "{9f05f3a6-515d-9445-fc60-1f100366804b}"
EndProject
Project("{FAE04EC0-301F-11D3-BF4B-00C04F79EFBC}") = "Unity.PlasticSCM.EditorTests", "Unity.PlasticSCM.EditorTests.csproj", "{31cc7c88-a4d2-eaec-2a6c-658bb1fbbe8e}"
EndProject
Project("{FAE04EC0-301F-11D3-BF4B-00C04F79EFBC}") = "Unity.TextMeshPro.Tests", "Unity.TextMeshPro.Tests.csproj", "{5b91fd3d-1cb6-c946-0a35-1743f10075fe}"
EndProject
Project("{FAE04EC0-301F-11D3-BF4B-00C04F79EFBC}") = "Unity.CollabProxy.EditorTests", "Unity.CollabProxy.EditorTests.csproj", "{4592ef62-5446-0421-b8b4-812d67fd074a}"
EndProject
Project("{FAE04EC0-301F-11D3-BF4B-00C04F79EFBC}") = "Unity.2D.Sprite.Package.EditorTests", "Unity.2D.Sprite.Package.EditorTests.csproj", "{ed0831d9-9be5-54b8-6b9b-7111f2bf710e}"
EndProject
Project("{FAE04EC0-301F-11D3-BF4B-00C04F79EFBC}") = "DocCodeExamples", "DocCodeExamples.csproj", "{a044ea09-e8a6-4986-c4a2-5c6b80cf8755}"
EndProject
Project("{FAE04EC0-301F-11D3-BF4B-00C04F79EFBC}") = "Unity.TestTools.CodeCoverage.Editor.Compatibility", "Unity.TestTools.CodeCoverage.Editor.Compatibility.csproj", "{47a98f2b-201f-d82f-4e1b-9770b173fbe3}"
EndProject
Project("{FAE04EC0-301F-11D3-BF4B-00C04F79EFBC}") = "Unity.TextMeshPro.Editor.Tests", "Unity.TextMeshPro.Editor.Tests.csproj", "{76eada72-eef8-03c8-b4cf-cf02b865fb23}"
EndProject
Project("{FAE04EC0-301F-11D3-BF4B-00C04F79EFBC}") = "Unity.Settings.Tests", "Unity.Settings.Tests.csproj", "{02150572-2198-264c-eb41-6263d5ff1aa8}"
EndProject
Project("{FAE04EC0-301F-11D3-BF4B-00C04F79EFBC}") = "Unity.Performance.Profile-Analyzer.EditorTests", "Unity.Performance.Profile-Analyzer.EditorTests.csproj", "{f30a50d1-4606-e0df-0e5f-839df65da2a7}"
EndProject
Global
	GlobalSection(SolutionConfigurationPlatforms) = preSolution
		Debug|Any CPU = Debug|Any CPU
	EndGlobalSection
	GlobalSection(ProjectConfigurationPlatforms) = postSolution
		{15bd1df8-de8c-c156-4eb4-c34c0e0710b0}.Debug|Any CPU.ActiveCfg = Debug|Any CPU
		{15bd1df8-de8c-c156-4eb4-c34c0e0710b0}.Debug|Any CPU.Build.0 = Debug|Any CPU
		{f19abf0b-7ee3-42de-54d7-d35395284ea4}.Debug|Any CPU.ActiveCfg = Debug|Any CPU
		{f19abf0b-7ee3-42de-54d7-d35395284ea4}.Debug|Any CPU.Build.0 = Debug|Any CPU
		{b5b7608c-0b62-bd40-ac08-cb7118d7985b}.Debug|Any CPU.ActiveCfg = Debug|Any CPU
		{b5b7608c-0b62-bd40-ac08-cb7118d7985b}.Debug|Any CPU.Build.0 = Debug|Any CPU
		{e88c7b1c-334d-88fa-be45-78c6f6596f5d}.Debug|Any CPU.ActiveCfg = Debug|Any CPU
		{e88c7b1c-334d-88fa-be45-78c6f6596f5d}.Debug|Any CPU.Build.0 = Debug|Any CPU
		{4f1a6dce-2999-0aad-a8ac-d25b435a1196}.Debug|Any CPU.ActiveCfg = Debug|Any CPU
		{4f1a6dce-2999-0aad-a8ac-d25b435a1196}.Debug|Any CPU.Build.0 = Debug|Any CPU
		{4ee8613c-471e-b849-a256-6c0ae22a885d}.Debug|Any CPU.ActiveCfg = Debug|Any CPU
		{4ee8613c-471e-b849-a256-6c0ae22a885d}.Debug|Any CPU.Build.0 = Debug|Any CPU
		{dde0cf7b-3493-a5b2-0305-759b3ed34dd8}.Debug|Any CPU.ActiveCfg = Debug|Any CPU
		{dde0cf7b-3493-a5b2-0305-759b3ed34dd8}.Debug|Any CPU.Build.0 = Debug|Any CPU
		{5a68d186-1223-1fee-479e-1bef28008810}.Debug|Any CPU.ActiveCfg = Debug|Any CPU
		{5a68d186-1223-1fee-479e-1bef28008810}.Debug|Any CPU.Build.0 = Debug|Any CPU
		{069f0a11-665e-2248-c6a8-1761022bfcd6}.Debug|Any CPU.ActiveCfg = Debug|Any CPU
		{069f0a11-665e-2248-c6a8-1761022bfcd6}.Debug|Any CPU.Build.0 = Debug|Any CPU
		{0c341bb5-e79a-a6e4-2939-f68e17ef46be}.Debug|Any CPU.ActiveCfg = Debug|Any CPU
		{0c341bb5-e79a-a6e4-2939-f68e17ef46be}.Debug|Any CPU.Build.0 = Debug|Any CPU
		{a9bcf4d9-5bb9-9086-25cb-fe983b895dfc}.Debug|Any CPU.ActiveCfg = Debug|Any CPU
		{a9bcf4d9-5bb9-9086-25cb-fe983b895dfc}.Debug|Any CPU.Build.0 = Debug|Any CPU
		{b26b566b-9df4-3a4b-9561-3237e9e3e673}.Debug|Any CPU.ActiveCfg = Debug|Any CPU
		{b26b566b-9df4-3a4b-9561-3237e9e3e673}.Debug|Any CPU.Build.0 = Debug|Any CPU
		{278e3026-ffa2-5777-9385-7641ff6ec4c3}.Debug|Any CPU.ActiveCfg = Debug|Any CPU
		{278e3026-ffa2-5777-9385-7641ff6ec4c3}.Debug|Any CPU.Build.0 = Debug|Any CPU
		{3103bfcf-44eb-da17-6000-033d15d3d185}.Debug|Any CPU.ActiveCfg = Debug|Any CPU
		{3103bfcf-44eb-da17-6000-033d15d3d185}.Debug|Any CPU.Build.0 = Debug|Any CPU
		{365da59e-9745-ec1f-1628-45f0a3d4e271}.Debug|Any CPU.ActiveCfg = Debug|Any CPU
		{365da59e-9745-ec1f-1628-45f0a3d4e271}.Debug|Any CPU.Build.0 = Debug|Any CPU
		{2ddd5d7a-166d-3b30-e66e-1f2220ca3c68}.Debug|Any CPU.ActiveCfg = Debug|Any CPU
		{2ddd5d7a-166d-3b30-e66e-1f2220ca3c68}.Debug|Any CPU.Build.0 = Debug|Any CPU
		{429c65c3-7665-27f1-e14f-9eef243a7b13}.Debug|Any CPU.ActiveCfg = Debug|Any CPU
		{429c65c3-7665-27f1-e14f-9eef243a7b13}.Debug|Any CPU.Build.0 = Debug|Any CPU
		{04edeb36-e43f-f170-a239-d0db2e9501b6}.Debug|Any CPU.ActiveCfg = Debug|Any CPU
		{04edeb36-e43f-f170-a239-d0db2e9501b6}.Debug|Any CPU.Build.0 = Debug|Any CPU
		{0f3d490a-f8e1-abe8-357d-3cebeb7b2c69}.Debug|Any CPU.ActiveCfg = Debug|Any CPU
		{0f3d490a-f8e1-abe8-357d-3cebeb7b2c69}.Debug|Any CPU.Build.0 = Debug|Any CPU
		{1edce279-270a-6a42-89d2-3f88f29d26a0}.Debug|Any CPU.ActiveCfg = Debug|Any CPU
		{1edce279-270a-6a42-89d2-3f88f29d26a0}.Debug|Any CPU.Build.0 = Debug|Any CPU
		{200b25da-e271-e966-c027-d964b9607bd7}.Debug|Any CPU.ActiveCfg = Debug|Any CPU
		{200b25da-e271-e966-c027-d964b9607bd7}.Debug|Any CPU.Build.0 = Debug|Any CPU
		{a28a173c-da67-f4a9-c21d-59dea8b18ddd}.Debug|Any CPU.ActiveCfg = Debug|Any CPU
		{a28a173c-da67-f4a9-c21d-59dea8b18ddd}.Debug|Any CPU.Build.0 = Debug|Any CPU
		{3f3e26d6-2abc-8ce2-7549-aa3160a18c72}.Debug|Any CPU.ActiveCfg = Debug|Any CPU
		{3f3e26d6-2abc-8ce2-7549-aa3160a18c72}.Debug|Any CPU.Build.0 = Debug|Any CPU
		{13965a4a-013d-fc82-64f1-60c5d4f72ca0}.Debug|Any CPU.ActiveCfg = Debug|Any CPU
		{13965a4a-013d-fc82-64f1-60c5d4f72ca0}.Debug|Any CPU.Build.0 = Debug|Any CPU
		{dcb6f08b-307c-a2e9-4dc8-d4752bcb3dca}.Debug|Any CPU.ActiveCfg = Debug|Any CPU
		{dcb6f08b-307c-a2e9-4dc8-d4752bcb3dca}.Debug|Any CPU.Build.0 = Debug|Any CPU
		{8f844644-e863-c67b-dd3a-067976858980}.Debug|Any CPU.ActiveCfg = Debug|Any CPU
		{8f844644-e863-c67b-dd3a-067976858980}.Debug|Any CPU.Build.0 = Debug|Any CPU
		{b67d77be-25fc-9446-c653-915ef3754f97}.Debug|Any CPU.ActiveCfg = Debug|Any CPU
		{b67d77be-25fc-9446-c653-915ef3754f97}.Debug|Any CPU.Build.0 = Debug|Any CPU
		{e6509981-8c1f-2faa-a66b-1920fda8f204}.Debug|Any CPU.ActiveCfg = Debug|Any CPU
		{e6509981-8c1f-2faa-a66b-1920fda8f204}.Debug|Any CPU.Build.0 = Debug|Any CPU
		{5b4d4b56-812f-ac70-1bf9-ba33427d1c2e}.Debug|Any CPU.ActiveCfg = Debug|Any CPU
		{5b4d4b56-812f-ac70-1bf9-ba33427d1c2e}.Debug|Any CPU.Build.0 = Debug|Any CPU
		{f163e772-2184-045f-a399-a3dbdbb16d73}.Debug|Any CPU.ActiveCfg = Debug|Any CPU
		{f163e772-2184-045f-a399-a3dbdbb16d73}.Debug|Any CPU.Build.0 = Debug|Any CPU
		{e321353b-1ef5-8a3f-acda-f653a1a6c08f}.Debug|Any CPU.ActiveCfg = Debug|Any CPU
		{e321353b-1ef5-8a3f-acda-f653a1a6c08f}.Debug|Any CPU.Build.0 = Debug|Any CPU
		{dad71180-6e62-7a45-3613-cc520a4d1ee0}.Debug|Any CPU.ActiveCfg = Debug|Any CPU
		{dad71180-6e62-7a45-3613-cc520a4d1ee0}.Debug|Any CPU.Build.0 = Debug|Any CPU
		{864771e1-a86c-6663-e331-a510a87ec485}.Debug|Any CPU.ActiveCfg = Debug|Any CPU
		{864771e1-a86c-6663-e331-a510a87ec485}.Debug|Any CPU.Build.0 = Debug|Any CPU
		{afd64de2-3045-dbf0-7c25-398b8f51e604}.Debug|Any CPU.ActiveCfg = Debug|Any CPU
		{afd64de2-3045-dbf0-7c25-398b8f51e604}.Debug|Any CPU.Build.0 = Debug|Any CPU
		{00f6ce8d-b449-9f65-2819-99e0d4f86374}.Debug|Any CPU.ActiveCfg = Debug|Any CPU
		{00f6ce8d-b449-9f65-2819-99e0d4f86374}.Debug|Any CPU.Build.0 = Debug|Any CPU
		{a47891ca-9400-a817-45bf-4ff5e5476331}.Debug|Any CPU.ActiveCfg = Debug|Any CPU
		{a47891ca-9400-a817-45bf-4ff5e5476331}.Debug|Any CPU.Build.0 = Debug|Any CPU
		{f2039655-1cb5-de71-54e3-e3fe15fe685a}.Debug|Any CPU.ActiveCfg = Debug|Any CPU
		{f2039655-1cb5-de71-54e3-e3fe15fe685a}.Debug|Any CPU.Build.0 = Debug|Any CPU
		{b56a2d34-5c35-f4ef-ce84-4a18597cb5e4}.Debug|Any CPU.ActiveCfg = Debug|Any CPU
		{b56a2d34-5c35-f4ef-ce84-4a18597cb5e4}.Debug|Any CPU.Build.0 = Debug|Any CPU
		{9db390d9-f851-446c-9a3d-87e6647fdebb}.Debug|Any CPU.ActiveCfg = Debug|Any CPU
		{9db390d9-f851-446c-9a3d-87e6647fdebb}.Debug|Any CPU.Build.0 = Debug|Any CPU
		{548b6a66-3822-88e0-c2f4-86dd69bee87c}.Debug|Any CPU.ActiveCfg = Debug|Any CPU
		{548b6a66-3822-88e0-c2f4-86dd69bee87c}.Debug|Any CPU.Build.0 = Debug|Any CPU
		{18afbe75-d7fb-06e6-4f3f-25f0a622ebbd}.Debug|Any CPU.ActiveCfg = Debug|Any CPU
		{18afbe75-d7fb-06e6-4f3f-25f0a622ebbd}.Debug|Any CPU.Build.0 = Debug|Any CPU
		{13fc2008-8665-c5f9-6ef4-b7b9bba37b1e}.Debug|Any CPU.ActiveCfg = Debug|Any CPU
		{13fc2008-8665-c5f9-6ef4-b7b9bba37b1e}.Debug|Any CPU.Build.0 = Debug|Any CPU
		{72face7e-4ec8-dcc8-16fa-1dfdc36fd113}.Debug|Any CPU.ActiveCfg = Debug|Any CPU
		{72face7e-4ec8-dcc8-16fa-1dfdc36fd113}.Debug|Any CPU.Build.0 = Debug|Any CPU
		{cd43affe-dde5-314e-6222-793cc936720f}.Debug|Any CPU.ActiveCfg = Debug|Any CPU
		{cd43affe-dde5-314e-6222-793cc936720f}.Debug|Any CPU.Build.0 = Debug|Any CPU
		{09256af0-80d9-c1aa-6546-0215244a1177}.Debug|Any CPU.ActiveCfg = Debug|Any CPU
		{09256af0-80d9-c1aa-6546-0215244a1177}.Debug|Any CPU.Build.0 = Debug|Any CPU
		{12ce03c1-60fc-fd21-93d0-ee3a6c31735e}.Debug|Any CPU.ActiveCfg = Debug|Any CPU
		{12ce03c1-60fc-fd21-93d0-ee3a6c31735e}.Debug|Any CPU.Build.0 = Debug|Any CPU
		{6fc07ae1-61ea-ec30-de59-46f626334de1}.Debug|Any CPU.ActiveCfg = Debug|Any CPU
		{6fc07ae1-61ea-ec30-de59-46f626334de1}.Debug|Any CPU.Build.0 = Debug|Any CPU
		{a8ecf173-fd59-3fa1-a76e-47c2799873c6}.Debug|Any CPU.ActiveCfg = Debug|Any CPU
		{a8ecf173-fd59-3fa1-a76e-47c2799873c6}.Debug|Any CPU.Build.0 = Debug|Any CPU
		{1f0ed911-585c-b3f1-4462-f7233667449d}.Debug|Any CPU.ActiveCfg = Debug|Any CPU
		{1f0ed911-585c-b3f1-4462-f7233667449d}.Debug|Any CPU.Build.0 = Debug|Any CPU
		{ae5c44c2-dfd4-3503-df29-c7883fed25dd}.Debug|Any CPU.ActiveCfg = Debug|Any CPU
		{ae5c44c2-dfd4-3503-df29-c7883fed25dd}.Debug|Any CPU.Build.0 = Debug|Any CPU
		{1b59292e-78cc-7883-7514-7d39305f7a77}.Debug|Any CPU.ActiveCfg = Debug|Any CPU
		{1b59292e-78cc-7883-7514-7d39305f7a77}.Debug|Any CPU.Build.0 = Debug|Any CPU
		{6ea89535-c933-3bed-a11e-ab61384bfb7b}.Debug|Any CPU.ActiveCfg = Debug|Any CPU
		{6ea89535-c933-3bed-a11e-ab61384bfb7b}.Debug|Any CPU.Build.0 = Debug|Any CPU
		{5c4de3ed-7173-a1e9-1840-cb73022cdf14}.Debug|Any CPU.ActiveCfg = Debug|Any CPU
		{5c4de3ed-7173-a1e9-1840-cb73022cdf14}.Debug|Any CPU.Build.0 = Debug|Any CPU
		{9f05f3a6-515d-9445-fc60-1f100366804b}.Debug|Any CPU.ActiveCfg = Debug|Any CPU
		{9f05f3a6-515d-9445-fc60-1f100366804b}.Debug|Any CPU.Build.0 = Debug|Any CPU
		{31cc7c88-a4d2-eaec-2a6c-658bb1fbbe8e}.Debug|Any CPU.ActiveCfg = Debug|Any CPU
		{31cc7c88-a4d2-eaec-2a6c-658bb1fbbe8e}.Debug|Any CPU.Build.0 = Debug|Any CPU
		{5b91fd3d-1cb6-c946-0a35-1743f10075fe}.Debug|Any CPU.ActiveCfg = Debug|Any CPU
		{5b91fd3d-1cb6-c946-0a35-1743f10075fe}.Debug|Any CPU.Build.0 = Debug|Any CPU
		{4592ef62-5446-0421-b8b4-812d67fd074a}.Debug|Any CPU.ActiveCfg = Debug|Any CPU
		{4592ef62-5446-0421-b8b4-812d67fd074a}.Debug|Any CPU.Build.0 = Debug|Any CPU
		{ed0831d9-9be5-54b8-6b9b-7111f2bf710e}.Debug|Any CPU.ActiveCfg = Debug|Any CPU
		{ed0831d9-9be5-54b8-6b9b-7111f2bf710e}.Debug|Any CPU.Build.0 = Debug|Any CPU
		{a044ea09-e8a6-4986-c4a2-5c6b80cf8755}.Debug|Any CPU.ActiveCfg = Debug|Any CPU
		{a044ea09-e8a6-4986-c4a2-5c6b80cf8755}.Debug|Any CPU.Build.0 = Debug|Any CPU
		{47a98f2b-201f-d82f-4e1b-9770b173fbe3}.Debug|Any CPU.ActiveCfg = Debug|Any CPU
		{47a98f2b-201f-d82f-4e1b-9770b173fbe3}.Debug|Any CPU.Build.0 = Debug|Any CPU
		{76eada72-eef8-03c8-b4cf-cf02b865fb23}.Debug|Any CPU.ActiveCfg = Debug|Any CPU
		{76eada72-eef8-03c8-b4cf-cf02b865fb23}.Debug|Any CPU.Build.0 = Debug|Any CPU
		{02150572-2198-264c-eb41-6263d5ff1aa8}.Debug|Any CPU.ActiveCfg = Debug|Any CPU
		{02150572-2198-264c-eb41-6263d5ff1aa8}.Debug|Any CPU.Build.0 = Debug|Any CPU
		{f30a50d1-4606-e0df-0e5f-839df65da2a7}.Debug|Any CPU.ActiveCfg = Debug|Any CPU
		{f30a50d1-4606-e0df-0e5f-839df65da2a7}.Debug|Any CPU.Build.0 = Debug|Any CPU
	EndGlobalSection
	GlobalSection(SolutionProperties) = preSolution
		HideSolutionNode = FALSE
	EndGlobalSection
EndGlobal
