
Microsoft Visual Studio Solution File, Format Version 11.00
# Visual Studio 2010
Project("{FAE04EC0-301F-11D3-BF4B-00C04F79EFBC}") = "Unity.Timeline", "Unity.Timeline.csproj", "{f71d5ded-96af-78fa-e5d8-559a4c97668e}"
EndProject
Project("{FAE04EC0-301F-11D3-BF4B-00C04F79EFBC}") = "Assembly-CSharp", "Assembly-CSharp.csproj", "{d5c506aa-87a6-2521-501a-30507c74c5c8}"
EndProject
Project("{FAE04EC0-301F-11D3-BF4B-00C04F79EFBC}") = "Unity.InputSystem", "Unity.InputSystem.csproj", "{edbbc391-5eac-a985-3ea1-858a0cc34d1b}"
EndProject
Project("{FAE04EC0-301F-11D3-BF4B-00C04F79EFBC}") = "Unity.ShaderGraph.Editor", "Unity.ShaderGraph.Editor.csproj", "{62e98652-60b9-220c-756e-46548d70aacf}"
EndProject
Project("{FAE04EC0-301F-11D3-BF4B-00C04F79EFBC}") = "UnityGameFramework.Runtime", "UnityGameFramework.Runtime.csproj", "{9c451850-9bf3-4deb-bb81-89c967717521}"
EndProject
Project("{FAE04EC0-301F-11D3-BF4B-00C04F79EFBC}") = "Unity.VisualScripting.Flow", "Unity.VisualScripting.Flow.csproj", "{862a5bac-15f8-f9fe-679e-a93dbfe75167}"
EndProject
Project("{FAE04EC0-301F-11D3-BF4B-00C04F79EFBC}") = "Unity.RenderPipelines.Universal.Runtime", "Unity.RenderPipelines.Universal.Runtime.csproj", "{aa2bff21-367f-b06f-29f9-b7bf1f55f3a7}"
EndProject
Project("{FAE04EC0-301F-11D3-BF4B-00C04F79EFBC}") = "UnityEditor.UI", "UnityEditor.UI.csproj", "{d6c06d41-b168-2081-59ed-c5b53673aa8d}"
EndProject
Project("{FAE04EC0-301F-11D3-BF4B-00C04F79EFBC}") = "Assembly-CSharp-Editor", "Assembly-CSharp-Editor.csproj", "{a6b7a9ff-6adb-618b-adef-bcb370ef5686}"
EndProject
Project("{FAE04EC0-301F-11D3-BF4B-00C04F79EFBC}") = "Unity.Timeline.Editor", "Unity.Timeline.Editor.csproj", "{c9e1540c-1db0-0204-425a-ad35e539982c}"
EndProject
Project("{FAE04EC0-301F-11D3-BF4B-00C04F79EFBC}") = "Unity.PlasticSCM.Editor", "Unity.PlasticSCM.Editor.csproj", "{89d4812f-d15f-c14c-2f09-47d9c9e43e55}"
EndProject
Project("{FAE04EC0-301F-11D3-BF4B-00C04F79EFBC}") = "Unity.RenderPipelines.Core.Runtime", "Unity.RenderPipelines.Core.Runtime.csproj", "{e5fcf82f-4800-fbf7-d46d-728f74c87521}"
EndProject
Project("{FAE04EC0-301F-11D3-BF4B-00C04F79EFBC}") = "Unity.Mathematics", "Unity.Mathematics.csproj", "{0bbc92cc-bd8a-0a43-1c31-469ce0b20e56}"
EndProject
Project("{FAE04EC0-301F-11D3-BF4B-00C04F79EFBC}") = "Unity.RenderPipelines.Core.Editor", "Unity.RenderPipelines.Core.Editor.csproj", "{ed8065fd-da9e-2ecb-8e2a-650e54323311}"
EndProject
Project("{FAE04EC0-301F-11D3-BF4B-00C04F79EFBC}") = "Unity.VisualScripting.Core.Editor", "Unity.VisualScripting.Core.Editor.csproj", "{848a75e6-5ff8-42a1-fc7a-6567a57d6faf}"
EndProject
Project("{FAE04EC0-301F-11D3-BF4B-00C04F79EFBC}") = "UnityEditor.TestRunner", "UnityEditor.TestRunner.csproj", "{277410ab-f0f3-753f-a52c-8e00a9f9eba4}"
EndProject
Project("{FAE04EC0-301F-11D3-BF4B-00C04F79EFBC}") = "Unity.RenderPipelines.Universal.Editor", "Unity.RenderPipelines.Universal.Editor.csproj", "{3a0752ee-a14c-3b21-f7ca-4e227cf9e90e}"
EndProject
Project("{FAE04EC0-301F-11D3-BF4B-00C04F79EFBC}") = "Unity.TextMeshPro.Editor", "Unity.TextMeshPro.Editor.csproj", "{388e6a2c-c6fa-d9e0-dd15-858b28c20963}"
EndProject
Project("{FAE04EC0-301F-11D3-BF4B-00C04F79EFBC}") = "Unity.VisualScripting.Flow.Editor", "Unity.VisualScripting.Flow.Editor.csproj", "{e5d7da9e-040c-e131-a6f7-c605795d2bd3}"
EndProject
Project("{FAE04EC0-301F-11D3-BF4B-00C04F79EFBC}") = "UnityEngine.TestRunner", "UnityEngine.TestRunner.csproj", "{97f3f34c-6cc2-3529-f56f-bc8311123d24}"
EndProject
Project("{FAE04EC0-301F-11D3-BF4B-00C04F79EFBC}") = "Unity.VisualScripting.Core", "Unity.VisualScripting.Core.csproj", "{e378429e-9b72-de4a-a4d9-6fabb3a30d4b}"
EndProject
Project("{FAE04EC0-301F-11D3-BF4B-00C04F79EFBC}") = "UniTask", "UniTask.csproj", "{fda4bf0f-6c3b-b35e-de9a-020dc5b8233b}"
EndProject
Project("{FAE04EC0-301F-11D3-BF4B-00C04F79EFBC}") = "Unity.Searcher.Editor", "Unity.Searcher.Editor.csproj", "{a23f84c8-8e9d-b40b-16c1-462a2b5271ce}"
EndProject
Project("{FAE04EC0-301F-11D3-BF4B-00C04F79EFBC}") = "Unity.Burst", "Unity.Burst.csproj", "{7af63e09-0e44-bcdc-9709-3016c015cfe4}"
EndProject
Project("{FAE04EC0-301F-11D3-BF4B-00C04F79EFBC}") = "Unity.AI.Navigation.Editor", "Unity.AI.Navigation.Editor.csproj", "{ccb87539-0870-b5ee-09bd-0c33ca489e1d}"
EndProject
Project("{FAE04EC0-301F-11D3-BF4B-00C04F79EFBC}") = "Cinemachine", "Cinemachine.csproj", "{ddb182ae-ea9a-462c-9a2d-c740614f7e2d}"
EndProject
Project("{FAE04EC0-301F-11D3-BF4B-00C04F79EFBC}") = "Unity.VisualStudio.Editor", "Unity.VisualStudio.Editor.csproj", "{7a20816d-53c7-8594-c0d4-d0206ae1056e}"
EndProject
Project("{FAE04EC0-301F-11D3-BF4B-00C04F79EFBC}") = "PPv2URPConverters", "PPv2URPConverters.csproj", "{b5778a65-7723-28d0-fc76-cb810c921adc}"
EndProject
Project("{FAE04EC0-301F-11D3-BF4B-00C04F79EFBC}") = "Unity.TestTools.CodeCoverage.Editor.OpenCover.Model", "Unity.TestTools.CodeCoverage.Editor.OpenCover.Model.csproj", "{3c3ce41d-1f08-bf41-455b-302721d17038}"
EndProject
Project("{FAE04EC0-301F-11D3-BF4B-00C04F79EFBC}") = "Unity.Rider.Editor", "Unity.Rider.Editor.csproj", "{02cceed5-bbe1-87f6-4ef4-2ba4f58baaa5}"
EndProject
Project("{FAE04EC0-301F-11D3-BF4B-00C04F79EFBC}") = "UnityGameFramework.Editor", "UnityGameFramework.Editor.csproj", "{cf8e72c1-e277-7111-d7d4-bb9af4072b70}"
EndProject
Project("{FAE04EC0-301F-11D3-BF4B-00C04F79EFBC}") = "Unity.AI.Navigation.Editor.ConversionSystem", "Unity.AI.Navigation.Editor.ConversionSystem.csproj", "{d85cb9eb-f615-32e0-1867-03c071aeaeeb}"
EndProject
Project("{FAE04EC0-301F-11D3-BF4B-00C04F79EFBC}") = "Unity.VisualScripting.State.Editor", "Unity.VisualScripting.State.Editor.csproj", "{0b9c8746-b400-39e9-cf25-e932b8079743}"
EndProject
Project("{FAE04EC0-301F-11D3-BF4B-00C04F79EFBC}") = "com.unity.cinemachine.editor", "com.unity.cinemachine.editor.csproj", "{0c54844b-bd83-4297-a40e-b8b671c04507}"
EndProject
Project("{FAE04EC0-301F-11D3-BF4B-00C04F79EFBC}") = "UnityEngine.UI", "UnityEngine.UI.csproj", "{65d90a2e-2e4e-5029-7f5c-46703dd75d87}"
EndProject
Project("{FAE04EC0-301F-11D3-BF4B-00C04F79EFBC}") = "Unity.TestTools.CodeCoverage.Editor", "Unity.TestTools.CodeCoverage.Editor.csproj", "{57ed7338-35a6-f90f-28cc-4fe818b8dd55}"
EndProject
Project("{FAE04EC0-301F-11D3-BF4B-00C04F79EFBC}") = "Unity.Burst.CodeGen", "Unity.Burst.CodeGen.csproj", "{623943cb-664a-93e0-a4c1-8b8717a2bac1}"
EndProject
Project("{FAE04EC0-301F-11D3-BF4B-00C04F79EFBC}") = "Unity.Postprocessing.Runtime", "Unity.Postprocessing.Runtime.csproj", "{286feaf3-35d7-9c37-5fe7-e474bd4a363d}"
EndProject
Project("{FAE04EC0-301F-11D3-BF4B-00C04F79EFBC}") = "Unity.RenderPipeline.Universal.ShaderLibrary", "Unity.RenderPipeline.Universal.ShaderLibrary.csproj", "{d5fb0acd-0790-bddf-8054-4f956e012ce1}"
EndProject
Project("{FAE04EC0-301F-11D3-BF4B-00C04F79EFBC}") = "Unity.Postprocessing.Editor", "Unity.Postprocessing.Editor.csproj", "{926192dc-002d-ea91-d265-612b8379d1d8}"
EndProject
Project("{FAE04EC0-301F-11D3-BF4B-00C04F79EFBC}") = "Unity.AI.Navigation", "Unity.AI.Navigation.csproj", "{78e99702-07d2-ad5a-c7da-20dc0f35cbb4}"
EndProject
Project("{FAE04EC0-301F-11D3-BF4B-00C04F79EFBC}") = "Unity.VisualScripting.State", "Unity.VisualScripting.State.csproj", "{6a4c7347-e9a9-81d0-0881-8daa94c6c7c4}"
EndProject
Project("{FAE04EC0-301F-11D3-BF4B-00C04F79EFBC}") = "UniTask.Linq", "UniTask.Linq.csproj", "{f1e63947-0f51-a384-6dce-0edaf4a77035}"
EndProject
Project("{FAE04EC0-301F-11D3-BF4B-00C04F79EFBC}") = "Unity.TextMeshPro", "Unity.TextMeshPro.csproj", "{e8d251e7-8f5a-fae0-9955-5295292347b6}"
EndProject
Project("{FAE04EC0-301F-11D3-BF4B-00C04F79EFBC}") = "Unity.Performance.Profile-Analyzer.Editor", "Unity.Performance.Profile-Analyzer.Editor.csproj", "{3c5bf0e4-8a40-47ed-922f-d78cc8c93253}"
EndProject
Project("{FAE04EC0-301F-11D3-BF4B-00C04F79EFBC}") = "Unity.VisualScripting.SettingsProvider.Editor", "Unity.VisualScripting.SettingsProvider.Editor.csproj", "{f6ae024f-006c-d2f4-5651-f145653608f4}"
EndProject
Project("{FAE04EC0-301F-11D3-BF4B-00C04F79EFBC}") = "Unity.VSCode.Editor", "Unity.VSCode.Editor.csproj", "{427c2218-a3dd-a4ed-b370-f3688a54af3e}"
EndProject
Project("{FAE04EC0-301F-11D3-BF4B-00C04F79EFBC}") = "Unity.Burst.Editor", "Unity.Burst.Editor.csproj", "{171ef9b7-5d61-75c9-9708-108eaa3d4d0a}"
EndProject
Project("{FAE04EC0-301F-11D3-BF4B-00C04F79EFBC}") = "Unity.TestTools.CodeCoverage.Editor.OpenCover.Mono.Reflection", "Unity.TestTools.CodeCoverage.Editor.OpenCover.Mono.Reflection.csproj", "{0c9284ef-f6d1-9fe3-19fc-f3c6b61363ed}"
EndProject
Project("{FAE04EC0-301F-11D3-BF4B-00C04F79EFBC}") = "Unity.AI.Navigation.Updater", "Unity.AI.Navigation.Updater.csproj", "{643fafb7-a114-a0c6-467c-42a06ef65d20}"
EndProject
Project("{FAE04EC0-301F-11D3-BF4B-00C04F79EFBC}") = "Unity.Settings.Editor", "Unity.Settings.Editor.csproj", "{6f6e7106-f250-06b9-bb64-49ef8217c7f0}"
EndProject
Project("{FAE04EC0-301F-11D3-BF4B-00C04F79EFBC}") = "Unity.2D.Sprite.Editor", "Unity.2D.Sprite.Editor.csproj", "{262483d1-ba09-2e2b-a321-070f24157a57}"
EndProject
Project("{FAE04EC0-301F-11D3-BF4B-00C04F79EFBC}") = "Unity.InputSystem.ForUI", "Unity.InputSystem.ForUI.csproj", "{6e8ec925-9049-5c22-9954-0bc2637672b5}"
EndProject
Project("{FAE04EC0-301F-11D3-BF4B-00C04F79EFBC}") = "Unity.Mathematics.Editor", "Unity.Mathematics.Editor.csproj", "{65d77d4e-5eb5-97e4-7392-61c196ac82b8}"
EndProject
Project("{FAE04EC0-301F-11D3-BF4B-00C04F79EFBC}") = "UniTask.TextMeshPro", "UniTask.TextMeshPro.csproj", "{7601619a-cf9a-38dd-1834-d70d17f634cc}"
EndProject
Project("{FAE04EC0-301F-11D3-BF4B-00C04F79EFBC}") = "Unity.InputSystem.TestFramework", "Unity.InputSystem.TestFramework.csproj", "{78f70332-085a-63d7-9084-1d8f57e46268}"
EndProject
Project("{FAE04EC0-301F-11D3-BF4B-00C04F79EFBC}") = "Unity.ShaderGraph.Utilities", "Unity.ShaderGraph.Utilities.csproj", "{d46b99dd-ca16-8c1b-49a3-71874bbffa15}"
EndProject
Project("{FAE04EC0-301F-11D3-BF4B-00C04F79EFBC}") = "Unity.VisualScripting.Shared.Editor", "Unity.VisualScripting.Shared.Editor.csproj", "{4545d498-e2b7-f13f-fe7d-5062683ce793}"
EndProject
Project("{FAE04EC0-301F-11D3-BF4B-00C04F79EFBC}") = "Unity.EditorCoroutines.Editor", "Unity.EditorCoroutines.Editor.csproj", "{b5b9f76f-e263-84d2-78eb-0248ef93bfe5}"
EndProject
Project("{FAE04EC0-301F-11D3-BF4B-00C04F79EFBC}") = "UniTask.Addressables", "UniTask.Addressables.csproj", "{966c7a28-531c-425f-156e-9bc0ea8207b8}"
EndProject
Project("{FAE04EC0-301F-11D3-BF4B-00C04F79EFBC}") = "UniTask.Editor", "UniTask.Editor.csproj", "{7f30d380-acd9-b9cb-dce0-8e37a53702b0}"
EndProject
Project("{FAE04EC0-301F-11D3-BF4B-00C04F79EFBC}") = "UniTask.DOTween", "UniTask.DOTween.csproj", "{ffc91e27-5ada-40e8-9e1a-89fb73326496}"
EndProject
Project("{FAE04EC0-301F-11D3-BF4B-00C04F79EFBC}") = "Unity.CollabProxy.Editor", "Unity.CollabProxy.Editor.csproj", "{b3d31464-e276-bc60-043b-f3ae7893763e}"
EndProject
Project("{FAE04EC0-301F-11D3-BF4B-00C04F79EFBC}") = "Unity.RenderPipelines.ShaderGraph.ShaderGraphLibrary", "Unity.RenderPipelines.ShaderGraph.ShaderGraphLibrary.csproj", "{049a4bb2-ce8a-aa76-c5f2-d64b320dedba}"
EndProject
Project("{FAE04EC0-301F-11D3-BF4B-00C04F79EFBC}") = "Unity.RenderPipelines.Core.ShaderLibrary", "Unity.RenderPipelines.Core.ShaderLibrary.csproj", "{7b76bf64-6149-647b-90b7-19b8b28f4c60}"
EndProject
Project("{FAE04EC0-301F-11D3-BF4B-00C04F79EFBC}") = "Unity.RenderPipelines.Universal.Shaders", "Unity.RenderPipelines.Universal.Shaders.csproj", "{ee0d8388-d132-6b20-ad72-f91e4b575197}"
EndProject
Project("{FAE04EC0-301F-11D3-BF4B-00C04F79EFBC}") = "UnityEngine.UI.Tests", "UnityEngine.UI.Tests.csproj", "{2844c546-e411-34c7-92e9-1c755cb8e420}"
EndProject
Project("{FAE04EC0-301F-11D3-BF4B-00C04F79EFBC}") = "Unity.Burst.Tests.UnitTests", "Unity.Burst.Tests.UnitTests.csproj", "{bbfbf46a-ba89-9335-9ea8-b7fd001885f0}"
EndProject
Project("{FAE04EC0-301F-11D3-BF4B-00C04F79EFBC}") = "UnityEditor.UI.EditorTests", "UnityEditor.UI.EditorTests.csproj", "{8c0b37ce-7a77-20d3-0abc-d7fc7ae72ae9}"
EndProject
Project("{FAE04EC0-301F-11D3-BF4B-00C04F79EFBC}") = "Unity.Mathematics.Tests", "Unity.Mathematics.Tests.csproj", "{d5c371e7-80fe-8408-e43f-1b30fa1000b8}"
EndProject
Project("{FAE04EC0-301F-11D3-BF4B-00C04F79EFBC}") = "Unity.TextMeshPro.Tests", "Unity.TextMeshPro.Tests.csproj", "{79b49a9b-ee42-20bf-f735-09d640b7f02a}"
EndProject
Project("{FAE04EC0-301F-11D3-BF4B-00C04F79EFBC}") = "Unity.RenderPipelines.Core.Editor.Tests", "Unity.RenderPipelines.Core.Editor.Tests.csproj", "{d5c97efb-ee05-0007-deef-af7977739b46}"
EndProject
Project("{FAE04EC0-301F-11D3-BF4B-00C04F79EFBC}") = "Unity.RenderPipelines.Core.Runtime.Tests", "Unity.RenderPipelines.Core.Runtime.Tests.csproj", "{714415cd-8adb-968f-8d56-83a2d630d4d4}"
EndProject
Project("{FAE04EC0-301F-11D3-BF4B-00C04F79EFBC}") = "Unity.2D.Sprite.Package.EditorTests", "Unity.2D.Sprite.Package.EditorTests.csproj", "{369911f6-2255-8ed5-95c1-32d088857e0a}"
EndProject
Project("{FAE04EC0-301F-11D3-BF4B-00C04F79EFBC}") = "Unity.Burst.Editor.Tests", "Unity.Burst.Editor.Tests.csproj", "{3b355820-4090-3230-8e9b-3afbe53ef149}"
EndProject
Project("{FAE04EC0-301F-11D3-BF4B-00C04F79EFBC}") = "Unity.Searcher.EditorTests", "Unity.Searcher.EditorTests.csproj", "{b11e6d3a-8a51-22b1-b921-cd324828de4a}"
EndProject
Project("{FAE04EC0-301F-11D3-BF4B-00C04F79EFBC}") = "Unity.RenderPipelines.Universal.Runtime.Tests", "Unity.RenderPipelines.Universal.Runtime.Tests.csproj", "{2e08a3b2-9d43-6630-5de7-21b2d2777acd}"
EndProject
Project("{FAE04EC0-301F-11D3-BF4B-00C04F79EFBC}") = "Unity.Postprocessing.Editor.Tests", "Unity.Postprocessing.Editor.Tests.csproj", "{eba84a7c-dd91-1181-0cde-af2eae988457}"
EndProject
Project("{FAE04EC0-301F-11D3-BF4B-00C04F79EFBC}") = "DocCodeExamples", "DocCodeExamples.csproj", "{d1421aa8-be5b-3313-7d8d-4da6ec05e6c3}"
EndProject
Project("{FAE04EC0-301F-11D3-BF4B-00C04F79EFBC}") = "Unity.RenderPipelines.Universal.Editor.Tests", "Unity.RenderPipelines.Universal.Editor.Tests.csproj", "{ee0d2935-9e06-1c40-c121-76bf71e89708}"
EndProject
Project("{FAE04EC0-301F-11D3-BF4B-00C04F79EFBC}") = "Unity.ShaderGraph.Editor.Tests", "Unity.ShaderGraph.Editor.Tests.csproj", "{f27e6dbf-72ae-9281-b906-6d252a11e881}"
EndProject
Project("{FAE04EC0-301F-11D3-BF4B-00C04F79EFBC}") = "Unity.Postprocessing.Runtime.Tests", "Unity.Postprocessing.Runtime.Tests.csproj", "{cd67b090-c697-5014-0049-6f879721de09}"
EndProject
Project("{FAE04EC0-301F-11D3-BF4B-00C04F79EFBC}") = "Unity.AI.Navigation.Tests", "Unity.AI.Navigation.Tests.csproj", "{827ae3f0-558e-bd7d-3f41-34d31ab6846d}"
EndProject
Project("{FAE04EC0-301F-11D3-BF4B-00C04F79EFBC}") = "Unity.TestTools.CodeCoverage.Editor.Compatibility", "Unity.TestTools.CodeCoverage.Editor.Compatibility.csproj", "{4fba8080-9392-ed46-2885-735fb846f2c8}"
EndProject
Project("{FAE04EC0-301F-11D3-BF4B-00C04F79EFBC}") = "Unity.TextMeshPro.Editor.Tests", "Unity.TextMeshPro.Editor.Tests.csproj", "{ce40c70a-bff1-43cc-ff7a-ee11b90ffd97}"
EndProject
Project("{FAE04EC0-301F-11D3-BF4B-00C04F79EFBC}") = "Unity.InputSystem.IntegrationTests", "Unity.InputSystem.IntegrationTests.csproj", "{aedee666-42a5-8ea8-8b65-583daa87d325}"
EndProject
Project("{FAE04EC0-301F-11D3-BF4B-00C04F79EFBC}") = "Unity.Settings.Tests", "Unity.Settings.Tests.csproj", "{7846ece3-f834-bf9f-2fe9-5e738782c093}"
EndProject
Project("{FAE04EC0-301F-11D3-BF4B-00C04F79EFBC}") = "Cinemachine.Editor.Tests", "Cinemachine.Editor.Tests.csproj", "{56829906-bc06-a5cc-3e01-39759092a404}"
EndProject
Project("{FAE04EC0-301F-11D3-BF4B-00C04F79EFBC}") = "Unity.AI.Navigation.Editor.Tests", "Unity.AI.Navigation.Editor.Tests.csproj", "{e658916b-7229-b07e-312f-5fa84c2ddd31}"
EndProject
Project("{FAE04EC0-301F-11D3-BF4B-00C04F79EFBC}") = "Unity.Performance.Profile-Analyzer.EditorTests", "Unity.Performance.Profile-Analyzer.EditorTests.csproj", "{bb57b1cc-ad62-f645-c92a-899a7321bd18}"
EndProject
Project("{FAE04EC0-301F-11D3-BF4B-00C04F79EFBC}") = "SeparateAssembly", "SeparateAssembly.csproj", "{97983c09-653a-e648-d3d9-a1f37083c089}"
EndProject
Project("{FAE04EC0-301F-11D3-BF4B-00C04F79EFBC}") = "Cinemachine.Runtime.Tests", "Cinemachine.Runtime.Tests.csproj", "{a2abedc2-df40-9604-ef3c-aff90b69329b}"
EndProject
Project("{FAE04EC0-301F-11D3-BF4B-00C04F79EFBC}") = "OverloadedFunctionPointers", "OverloadedFunctionPointers.csproj", "{13582400-5bbe-1f8c-5b5c-154f06e39bba}"
EndProject
Global
	GlobalSection(SolutionConfigurationPlatforms) = preSolution
		Debug|Any CPU = Debug|Any CPU
	EndGlobalSection
	GlobalSection(ProjectConfigurationPlatforms) = postSolution
		{f71d5ded-96af-78fa-e5d8-559a4c97668e}.Debug|Any CPU.ActiveCfg = Debug|Any CPU
		{f71d5ded-96af-78fa-e5d8-559a4c97668e}.Debug|Any CPU.Build.0 = Debug|Any CPU
		{d5c506aa-87a6-2521-501a-30507c74c5c8}.Debug|Any CPU.ActiveCfg = Debug|Any CPU
		{d5c506aa-87a6-2521-501a-30507c74c5c8}.Debug|Any CPU.Build.0 = Debug|Any CPU
		{edbbc391-5eac-a985-3ea1-858a0cc34d1b}.Debug|Any CPU.ActiveCfg = Debug|Any CPU
		{edbbc391-5eac-a985-3ea1-858a0cc34d1b}.Debug|Any CPU.Build.0 = Debug|Any CPU
		{62e98652-60b9-220c-756e-46548d70aacf}.Debug|Any CPU.ActiveCfg = Debug|Any CPU
		{62e98652-60b9-220c-756e-46548d70aacf}.Debug|Any CPU.Build.0 = Debug|Any CPU
		{9c451850-9bf3-4deb-bb81-89c967717521}.Debug|Any CPU.ActiveCfg = Debug|Any CPU
		{9c451850-9bf3-4deb-bb81-89c967717521}.Debug|Any CPU.Build.0 = Debug|Any CPU
		{862a5bac-15f8-f9fe-679e-a93dbfe75167}.Debug|Any CPU.ActiveCfg = Debug|Any CPU
		{862a5bac-15f8-f9fe-679e-a93dbfe75167}.Debug|Any CPU.Build.0 = Debug|Any CPU
		{aa2bff21-367f-b06f-29f9-b7bf1f55f3a7}.Debug|Any CPU.ActiveCfg = Debug|Any CPU
		{aa2bff21-367f-b06f-29f9-b7bf1f55f3a7}.Debug|Any CPU.Build.0 = Debug|Any CPU
		{d6c06d41-b168-2081-59ed-c5b53673aa8d}.Debug|Any CPU.ActiveCfg = Debug|Any CPU
		{d6c06d41-b168-2081-59ed-c5b53673aa8d}.Debug|Any CPU.Build.0 = Debug|Any CPU
		{a6b7a9ff-6adb-618b-adef-bcb370ef5686}.Debug|Any CPU.ActiveCfg = Debug|Any CPU
		{a6b7a9ff-6adb-618b-adef-bcb370ef5686}.Debug|Any CPU.Build.0 = Debug|Any CPU
		{c9e1540c-1db0-0204-425a-ad35e539982c}.Debug|Any CPU.ActiveCfg = Debug|Any CPU
		{c9e1540c-1db0-0204-425a-ad35e539982c}.Debug|Any CPU.Build.0 = Debug|Any CPU
		{89d4812f-d15f-c14c-2f09-47d9c9e43e55}.Debug|Any CPU.ActiveCfg = Debug|Any CPU
		{89d4812f-d15f-c14c-2f09-47d9c9e43e55}.Debug|Any CPU.Build.0 = Debug|Any CPU
		{e5fcf82f-4800-fbf7-d46d-728f74c87521}.Debug|Any CPU.ActiveCfg = Debug|Any CPU
		{e5fcf82f-4800-fbf7-d46d-728f74c87521}.Debug|Any CPU.Build.0 = Debug|Any CPU
		{0bbc92cc-bd8a-0a43-1c31-469ce0b20e56}.Debug|Any CPU.ActiveCfg = Debug|Any CPU
		{0bbc92cc-bd8a-0a43-1c31-469ce0b20e56}.Debug|Any CPU.Build.0 = Debug|Any CPU
		{ed8065fd-da9e-2ecb-8e2a-650e54323311}.Debug|Any CPU.ActiveCfg = Debug|Any CPU
		{ed8065fd-da9e-2ecb-8e2a-650e54323311}.Debug|Any CPU.Build.0 = Debug|Any CPU
		{848a75e6-5ff8-42a1-fc7a-6567a57d6faf}.Debug|Any CPU.ActiveCfg = Debug|Any CPU
		{848a75e6-5ff8-42a1-fc7a-6567a57d6faf}.Debug|Any CPU.Build.0 = Debug|Any CPU
		{277410ab-f0f3-753f-a52c-8e00a9f9eba4}.Debug|Any CPU.ActiveCfg = Debug|Any CPU
		{277410ab-f0f3-753f-a52c-8e00a9f9eba4}.Debug|Any CPU.Build.0 = Debug|Any CPU
		{3a0752ee-a14c-3b21-f7ca-4e227cf9e90e}.Debug|Any CPU.ActiveCfg = Debug|Any CPU
		{3a0752ee-a14c-3b21-f7ca-4e227cf9e90e}.Debug|Any CPU.Build.0 = Debug|Any CPU
		{388e6a2c-c6fa-d9e0-dd15-858b28c20963}.Debug|Any CPU.ActiveCfg = Debug|Any CPU
		{388e6a2c-c6fa-d9e0-dd15-858b28c20963}.Debug|Any CPU.Build.0 = Debug|Any CPU
		{e5d7da9e-040c-e131-a6f7-c605795d2bd3}.Debug|Any CPU.ActiveCfg = Debug|Any CPU
		{e5d7da9e-040c-e131-a6f7-c605795d2bd3}.Debug|Any CPU.Build.0 = Debug|Any CPU
		{97f3f34c-6cc2-3529-f56f-bc8311123d24}.Debug|Any CPU.ActiveCfg = Debug|Any CPU
		{97f3f34c-6cc2-3529-f56f-bc8311123d24}.Debug|Any CPU.Build.0 = Debug|Any CPU
		{e378429e-9b72-de4a-a4d9-6fabb3a30d4b}.Debug|Any CPU.ActiveCfg = Debug|Any CPU
		{e378429e-9b72-de4a-a4d9-6fabb3a30d4b}.Debug|Any CPU.Build.0 = Debug|Any CPU
		{fda4bf0f-6c3b-b35e-de9a-020dc5b8233b}.Debug|Any CPU.ActiveCfg = Debug|Any CPU
		{fda4bf0f-6c3b-b35e-de9a-020dc5b8233b}.Debug|Any CPU.Build.0 = Debug|Any CPU
		{a23f84c8-8e9d-b40b-16c1-462a2b5271ce}.Debug|Any CPU.ActiveCfg = Debug|Any CPU
		{a23f84c8-8e9d-b40b-16c1-462a2b5271ce}.Debug|Any CPU.Build.0 = Debug|Any CPU
		{7af63e09-0e44-bcdc-9709-3016c015cfe4}.Debug|Any CPU.ActiveCfg = Debug|Any CPU
		{7af63e09-0e44-bcdc-9709-3016c015cfe4}.Debug|Any CPU.Build.0 = Debug|Any CPU
		{ccb87539-0870-b5ee-09bd-0c33ca489e1d}.Debug|Any CPU.ActiveCfg = Debug|Any CPU
		{ccb87539-0870-b5ee-09bd-0c33ca489e1d}.Debug|Any CPU.Build.0 = Debug|Any CPU
		{ddb182ae-ea9a-462c-9a2d-c740614f7e2d}.Debug|Any CPU.ActiveCfg = Debug|Any CPU
		{ddb182ae-ea9a-462c-9a2d-c740614f7e2d}.Debug|Any CPU.Build.0 = Debug|Any CPU
		{7a20816d-53c7-8594-c0d4-d0206ae1056e}.Debug|Any CPU.ActiveCfg = Debug|Any CPU
		{7a20816d-53c7-8594-c0d4-d0206ae1056e}.Debug|Any CPU.Build.0 = Debug|Any CPU
		{b5778a65-7723-28d0-fc76-cb810c921adc}.Debug|Any CPU.ActiveCfg = Debug|Any CPU
		{b5778a65-7723-28d0-fc76-cb810c921adc}.Debug|Any CPU.Build.0 = Debug|Any CPU
		{3c3ce41d-1f08-bf41-455b-302721d17038}.Debug|Any CPU.ActiveCfg = Debug|Any CPU
		{3c3ce41d-1f08-bf41-455b-302721d17038}.Debug|Any CPU.Build.0 = Debug|Any CPU
		{02cceed5-bbe1-87f6-4ef4-2ba4f58baaa5}.Debug|Any CPU.ActiveCfg = Debug|Any CPU
		{02cceed5-bbe1-87f6-4ef4-2ba4f58baaa5}.Debug|Any CPU.Build.0 = Debug|Any CPU
		{cf8e72c1-e277-7111-d7d4-bb9af4072b70}.Debug|Any CPU.ActiveCfg = Debug|Any CPU
		{cf8e72c1-e277-7111-d7d4-bb9af4072b70}.Debug|Any CPU.Build.0 = Debug|Any CPU
		{d85cb9eb-f615-32e0-1867-03c071aeaeeb}.Debug|Any CPU.ActiveCfg = Debug|Any CPU
		{d85cb9eb-f615-32e0-1867-03c071aeaeeb}.Debug|Any CPU.Build.0 = Debug|Any CPU
		{0b9c8746-b400-39e9-cf25-e932b8079743}.Debug|Any CPU.ActiveCfg = Debug|Any CPU
		{0b9c8746-b400-39e9-cf25-e932b8079743}.Debug|Any CPU.Build.0 = Debug|Any CPU
		{0c54844b-bd83-4297-a40e-b8b671c04507}.Debug|Any CPU.ActiveCfg = Debug|Any CPU
		{0c54844b-bd83-4297-a40e-b8b671c04507}.Debug|Any CPU.Build.0 = Debug|Any CPU
		{65d90a2e-2e4e-5029-7f5c-46703dd75d87}.Debug|Any CPU.ActiveCfg = Debug|Any CPU
		{65d90a2e-2e4e-5029-7f5c-46703dd75d87}.Debug|Any CPU.Build.0 = Debug|Any CPU
		{57ed7338-35a6-f90f-28cc-4fe818b8dd55}.Debug|Any CPU.ActiveCfg = Debug|Any CPU
		{57ed7338-35a6-f90f-28cc-4fe818b8dd55}.Debug|Any CPU.Build.0 = Debug|Any CPU
		{623943cb-664a-93e0-a4c1-8b8717a2bac1}.Debug|Any CPU.ActiveCfg = Debug|Any CPU
		{623943cb-664a-93e0-a4c1-8b8717a2bac1}.Debug|Any CPU.Build.0 = Debug|Any CPU
		{286feaf3-35d7-9c37-5fe7-e474bd4a363d}.Debug|Any CPU.ActiveCfg = Debug|Any CPU
		{286feaf3-35d7-9c37-5fe7-e474bd4a363d}.Debug|Any CPU.Build.0 = Debug|Any CPU
		{d5fb0acd-0790-bddf-8054-4f956e012ce1}.Debug|Any CPU.ActiveCfg = Debug|Any CPU
		{d5fb0acd-0790-bddf-8054-4f956e012ce1}.Debug|Any CPU.Build.0 = Debug|Any CPU
		{926192dc-002d-ea91-d265-612b8379d1d8}.Debug|Any CPU.ActiveCfg = Debug|Any CPU
		{926192dc-002d-ea91-d265-612b8379d1d8}.Debug|Any CPU.Build.0 = Debug|Any CPU
		{78e99702-07d2-ad5a-c7da-20dc0f35cbb4}.Debug|Any CPU.ActiveCfg = Debug|Any CPU
		{78e99702-07d2-ad5a-c7da-20dc0f35cbb4}.Debug|Any CPU.Build.0 = Debug|Any CPU
		{6a4c7347-e9a9-81d0-0881-8daa94c6c7c4}.Debug|Any CPU.ActiveCfg = Debug|Any CPU
		{6a4c7347-e9a9-81d0-0881-8daa94c6c7c4}.Debug|Any CPU.Build.0 = Debug|Any CPU
		{f1e63947-0f51-a384-6dce-0edaf4a77035}.Debug|Any CPU.ActiveCfg = Debug|Any CPU
		{f1e63947-0f51-a384-6dce-0edaf4a77035}.Debug|Any CPU.Build.0 = Debug|Any CPU
		{e8d251e7-8f5a-fae0-9955-5295292347b6}.Debug|Any CPU.ActiveCfg = Debug|Any CPU
		{e8d251e7-8f5a-fae0-9955-5295292347b6}.Debug|Any CPU.Build.0 = Debug|Any CPU
		{3c5bf0e4-8a40-47ed-922f-d78cc8c93253}.Debug|Any CPU.ActiveCfg = Debug|Any CPU
		{3c5bf0e4-8a40-47ed-922f-d78cc8c93253}.Debug|Any CPU.Build.0 = Debug|Any CPU
		{f6ae024f-006c-d2f4-5651-f145653608f4}.Debug|Any CPU.ActiveCfg = Debug|Any CPU
		{f6ae024f-006c-d2f4-5651-f145653608f4}.Debug|Any CPU.Build.0 = Debug|Any CPU
		{427c2218-a3dd-a4ed-b370-f3688a54af3e}.Debug|Any CPU.ActiveCfg = Debug|Any CPU
		{427c2218-a3dd-a4ed-b370-f3688a54af3e}.Debug|Any CPU.Build.0 = Debug|Any CPU
		{171ef9b7-5d61-75c9-9708-108eaa3d4d0a}.Debug|Any CPU.ActiveCfg = Debug|Any CPU
		{171ef9b7-5d61-75c9-9708-108eaa3d4d0a}.Debug|Any CPU.Build.0 = Debug|Any CPU
		{0c9284ef-f6d1-9fe3-19fc-f3c6b61363ed}.Debug|Any CPU.ActiveCfg = Debug|Any CPU
		{0c9284ef-f6d1-9fe3-19fc-f3c6b61363ed}.Debug|Any CPU.Build.0 = Debug|Any CPU
		{643fafb7-a114-a0c6-467c-42a06ef65d20}.Debug|Any CPU.ActiveCfg = Debug|Any CPU
		{643fafb7-a114-a0c6-467c-42a06ef65d20}.Debug|Any CPU.Build.0 = Debug|Any CPU
		{6f6e7106-f250-06b9-bb64-49ef8217c7f0}.Debug|Any CPU.ActiveCfg = Debug|Any CPU
		{6f6e7106-f250-06b9-bb64-49ef8217c7f0}.Debug|Any CPU.Build.0 = Debug|Any CPU
		{262483d1-ba09-2e2b-a321-070f24157a57}.Debug|Any CPU.ActiveCfg = Debug|Any CPU
		{262483d1-ba09-2e2b-a321-070f24157a57}.Debug|Any CPU.Build.0 = Debug|Any CPU
		{6e8ec925-9049-5c22-9954-0bc2637672b5}.Debug|Any CPU.ActiveCfg = Debug|Any CPU
		{6e8ec925-9049-5c22-9954-0bc2637672b5}.Debug|Any CPU.Build.0 = Debug|Any CPU
		{65d77d4e-5eb5-97e4-7392-61c196ac82b8}.Debug|Any CPU.ActiveCfg = Debug|Any CPU
		{65d77d4e-5eb5-97e4-7392-61c196ac82b8}.Debug|Any CPU.Build.0 = Debug|Any CPU
		{7601619a-cf9a-38dd-1834-d70d17f634cc}.Debug|Any CPU.ActiveCfg = Debug|Any CPU
		{7601619a-cf9a-38dd-1834-d70d17f634cc}.Debug|Any CPU.Build.0 = Debug|Any CPU
		{78f70332-085a-63d7-9084-1d8f57e46268}.Debug|Any CPU.ActiveCfg = Debug|Any CPU
		{78f70332-085a-63d7-9084-1d8f57e46268}.Debug|Any CPU.Build.0 = Debug|Any CPU
		{d46b99dd-ca16-8c1b-49a3-71874bbffa15}.Debug|Any CPU.ActiveCfg = Debug|Any CPU
		{d46b99dd-ca16-8c1b-49a3-71874bbffa15}.Debug|Any CPU.Build.0 = Debug|Any CPU
		{4545d498-e2b7-f13f-fe7d-5062683ce793}.Debug|Any CPU.ActiveCfg = Debug|Any CPU
		{4545d498-e2b7-f13f-fe7d-5062683ce793}.Debug|Any CPU.Build.0 = Debug|Any CPU
		{b5b9f76f-e263-84d2-78eb-0248ef93bfe5}.Debug|Any CPU.ActiveCfg = Debug|Any CPU
		{b5b9f76f-e263-84d2-78eb-0248ef93bfe5}.Debug|Any CPU.Build.0 = Debug|Any CPU
		{966c7a28-531c-425f-156e-9bc0ea8207b8}.Debug|Any CPU.ActiveCfg = Debug|Any CPU
		{966c7a28-531c-425f-156e-9bc0ea8207b8}.Debug|Any CPU.Build.0 = Debug|Any CPU
		{7f30d380-acd9-b9cb-dce0-8e37a53702b0}.Debug|Any CPU.ActiveCfg = Debug|Any CPU
		{7f30d380-acd9-b9cb-dce0-8e37a53702b0}.Debug|Any CPU.Build.0 = Debug|Any CPU
		{ffc91e27-5ada-40e8-9e1a-89fb73326496}.Debug|Any CPU.ActiveCfg = Debug|Any CPU
		{ffc91e27-5ada-40e8-9e1a-89fb73326496}.Debug|Any CPU.Build.0 = Debug|Any CPU
		{b3d31464-e276-bc60-043b-f3ae7893763e}.Debug|Any CPU.ActiveCfg = Debug|Any CPU
		{b3d31464-e276-bc60-043b-f3ae7893763e}.Debug|Any CPU.Build.0 = Debug|Any CPU
		{049a4bb2-ce8a-aa76-c5f2-d64b320dedba}.Debug|Any CPU.ActiveCfg = Debug|Any CPU
		{049a4bb2-ce8a-aa76-c5f2-d64b320dedba}.Debug|Any CPU.Build.0 = Debug|Any CPU
		{7b76bf64-6149-647b-90b7-19b8b28f4c60}.Debug|Any CPU.ActiveCfg = Debug|Any CPU
		{7b76bf64-6149-647b-90b7-19b8b28f4c60}.Debug|Any CPU.Build.0 = Debug|Any CPU
		{ee0d8388-d132-6b20-ad72-f91e4b575197}.Debug|Any CPU.ActiveCfg = Debug|Any CPU
		{ee0d8388-d132-6b20-ad72-f91e4b575197}.Debug|Any CPU.Build.0 = Debug|Any CPU
		{2844c546-e411-34c7-92e9-1c755cb8e420}.Debug|Any CPU.ActiveCfg = Debug|Any CPU
		{2844c546-e411-34c7-92e9-1c755cb8e420}.Debug|Any CPU.Build.0 = Debug|Any CPU
		{bbfbf46a-ba89-9335-9ea8-b7fd001885f0}.Debug|Any CPU.ActiveCfg = Debug|Any CPU
		{bbfbf46a-ba89-9335-9ea8-b7fd001885f0}.Debug|Any CPU.Build.0 = Debug|Any CPU
		{8c0b37ce-7a77-20d3-0abc-d7fc7ae72ae9}.Debug|Any CPU.ActiveCfg = Debug|Any CPU
		{8c0b37ce-7a77-20d3-0abc-d7fc7ae72ae9}.Debug|Any CPU.Build.0 = Debug|Any CPU
		{d5c371e7-80fe-8408-e43f-1b30fa1000b8}.Debug|Any CPU.ActiveCfg = Debug|Any CPU
		{d5c371e7-80fe-8408-e43f-1b30fa1000b8}.Debug|Any CPU.Build.0 = Debug|Any CPU
		{79b49a9b-ee42-20bf-f735-09d640b7f02a}.Debug|Any CPU.ActiveCfg = Debug|Any CPU
		{79b49a9b-ee42-20bf-f735-09d640b7f02a}.Debug|Any CPU.Build.0 = Debug|Any CPU
		{d5c97efb-ee05-0007-deef-af7977739b46}.Debug|Any CPU.ActiveCfg = Debug|Any CPU
		{d5c97efb-ee05-0007-deef-af7977739b46}.Debug|Any CPU.Build.0 = Debug|Any CPU
		{714415cd-8adb-968f-8d56-83a2d630d4d4}.Debug|Any CPU.ActiveCfg = Debug|Any CPU
		{714415cd-8adb-968f-8d56-83a2d630d4d4}.Debug|Any CPU.Build.0 = Debug|Any CPU
		{369911f6-2255-8ed5-95c1-32d088857e0a}.Debug|Any CPU.ActiveCfg = Debug|Any CPU
		{369911f6-2255-8ed5-95c1-32d088857e0a}.Debug|Any CPU.Build.0 = Debug|Any CPU
		{3b355820-4090-3230-8e9b-3afbe53ef149}.Debug|Any CPU.ActiveCfg = Debug|Any CPU
		{3b355820-4090-3230-8e9b-3afbe53ef149}.Debug|Any CPU.Build.0 = Debug|Any CPU
		{b11e6d3a-8a51-22b1-b921-cd324828de4a}.Debug|Any CPU.ActiveCfg = Debug|Any CPU
		{b11e6d3a-8a51-22b1-b921-cd324828de4a}.Debug|Any CPU.Build.0 = Debug|Any CPU
		{2e08a3b2-9d43-6630-5de7-21b2d2777acd}.Debug|Any CPU.ActiveCfg = Debug|Any CPU
		{2e08a3b2-9d43-6630-5de7-21b2d2777acd}.Debug|Any CPU.Build.0 = Debug|Any CPU
		{eba84a7c-dd91-1181-0cde-af2eae988457}.Debug|Any CPU.ActiveCfg = Debug|Any CPU
		{eba84a7c-dd91-1181-0cde-af2eae988457}.Debug|Any CPU.Build.0 = Debug|Any CPU
		{d1421aa8-be5b-3313-7d8d-4da6ec05e6c3}.Debug|Any CPU.ActiveCfg = Debug|Any CPU
		{d1421aa8-be5b-3313-7d8d-4da6ec05e6c3}.Debug|Any CPU.Build.0 = Debug|Any CPU
		{ee0d2935-9e06-1c40-c121-76bf71e89708}.Debug|Any CPU.ActiveCfg = Debug|Any CPU
		{ee0d2935-9e06-1c40-c121-76bf71e89708}.Debug|Any CPU.Build.0 = Debug|Any CPU
		{f27e6dbf-72ae-9281-b906-6d252a11e881}.Debug|Any CPU.ActiveCfg = Debug|Any CPU
		{f27e6dbf-72ae-9281-b906-6d252a11e881}.Debug|Any CPU.Build.0 = Debug|Any CPU
		{cd67b090-c697-5014-0049-6f879721de09}.Debug|Any CPU.ActiveCfg = Debug|Any CPU
		{cd67b090-c697-5014-0049-6f879721de09}.Debug|Any CPU.Build.0 = Debug|Any CPU
		{827ae3f0-558e-bd7d-3f41-34d31ab6846d}.Debug|Any CPU.ActiveCfg = Debug|Any CPU
		{827ae3f0-558e-bd7d-3f41-34d31ab6846d}.Debug|Any CPU.Build.0 = Debug|Any CPU
		{4fba8080-9392-ed46-2885-735fb846f2c8}.Debug|Any CPU.ActiveCfg = Debug|Any CPU
		{4fba8080-9392-ed46-2885-735fb846f2c8}.Debug|Any CPU.Build.0 = Debug|Any CPU
		{ce40c70a-bff1-43cc-ff7a-ee11b90ffd97}.Debug|Any CPU.ActiveCfg = Debug|Any CPU
		{ce40c70a-bff1-43cc-ff7a-ee11b90ffd97}.Debug|Any CPU.Build.0 = Debug|Any CPU
		{aedee666-42a5-8ea8-8b65-583daa87d325}.Debug|Any CPU.ActiveCfg = Debug|Any CPU
		{aedee666-42a5-8ea8-8b65-583daa87d325}.Debug|Any CPU.Build.0 = Debug|Any CPU
		{7846ece3-f834-bf9f-2fe9-5e738782c093}.Debug|Any CPU.ActiveCfg = Debug|Any CPU
		{7846ece3-f834-bf9f-2fe9-5e738782c093}.Debug|Any CPU.Build.0 = Debug|Any CPU
		{56829906-bc06-a5cc-3e01-39759092a404}.Debug|Any CPU.ActiveCfg = Debug|Any CPU
		{56829906-bc06-a5cc-3e01-39759092a404}.Debug|Any CPU.Build.0 = Debug|Any CPU
		{e658916b-7229-b07e-312f-5fa84c2ddd31}.Debug|Any CPU.ActiveCfg = Debug|Any CPU
		{e658916b-7229-b07e-312f-5fa84c2ddd31}.Debug|Any CPU.Build.0 = Debug|Any CPU
		{bb57b1cc-ad62-f645-c92a-899a7321bd18}.Debug|Any CPU.ActiveCfg = Debug|Any CPU
		{bb57b1cc-ad62-f645-c92a-899a7321bd18}.Debug|Any CPU.Build.0 = Debug|Any CPU
		{97983c09-653a-e648-d3d9-a1f37083c089}.Debug|Any CPU.ActiveCfg = Debug|Any CPU
		{97983c09-653a-e648-d3d9-a1f37083c089}.Debug|Any CPU.Build.0 = Debug|Any CPU
		{a2abedc2-df40-9604-ef3c-aff90b69329b}.Debug|Any CPU.ActiveCfg = Debug|Any CPU
		{a2abedc2-df40-9604-ef3c-aff90b69329b}.Debug|Any CPU.Build.0 = Debug|Any CPU
		{13582400-5bbe-1f8c-5b5c-154f06e39bba}.Debug|Any CPU.ActiveCfg = Debug|Any CPU
		{13582400-5bbe-1f8c-5b5c-154f06e39bba}.Debug|Any CPU.Build.0 = Debug|Any CPU
	EndGlobalSection
	GlobalSection(SolutionProperties) = preSolution
		HideSolutionNode = FALSE
	EndGlobalSection
EndGlobal
